[[package]]
name = "atomicwrites"
version = "1.1.5"
description = "Atomic file writes."
category = "dev"
optional = false
python-versions = "*"
platform = "UNKNOWN"

[[package]]
name = "attrs"
version = "18.1.0"
description = "Classes Without Boilerplate"
category = "dev"
optional = false
python-versions = "*"
platform = "*"

[[package]]
name = "chardet"
version = "3.0.4"
description = "Universal encoding detector for Python 2 and 3"
category = "main"
optional = false
python-versions = "*"
platform = "*"

[[package]]
name = "colorama"
version = "0.3.9"
description = "Cross-platform colored terminal text."
category = "dev"
optional = false
python-versions = "*"
platform = "UNKNOWN"

[package.requirements]
platform = "win32"
[[package]]
name = "flake8"
version = "3.5.0"
description = "the modular source code checker: pep8, pyflakes and co"
category = "dev"
optional = false
python-versions = "*"
platform = "*"

[package.dependencies]
pyflakes = ">=1.5.0,<1.7.0"
pycodestyle = ">=2.0.0,<2.4.0"
mccabe = ">=0.6.0,<0.7.0"
[[package]]
name = "lxml"
version = "4.2.1"
description = "Powerful and Pythonic XML processing library combining libxml2/libxslt with the ElementTree API."
category = "main"
optional = false
python-versions = "*"
platform = "*"

[[package]]
name = "mccabe"
version = "0.6.1"
description = "McCabe checker, plugin for flake8"
category = "dev"
optional = false
python-versions = "*"
platform = "*"

[[package]]
name = "more-itertools"
version = "4.2.0"
description = "More routines for operating on iterables, beyond itertools"
category = "dev"
optional = false
python-versions = "*"
platform = "*"

[package.dependencies]
six = ">=1.0.0,<2.0.0"
[[package]]
name = "pluggy"
version = "0.6.0"
description = "plugin and hook calling mechanisms for python"
category = "dev"
optional = false
python-versions = ">=2.7, !=3.0.*, !=3.1.*, !=3.2.*, !=3.3.*"
platform = "unix"

[[package]]
name = "py"
version = "1.5.3"
description = "library with cross-python path, ini-parsing, io, code, log facilities"
category = "dev"
optional = false
python-versions = ">=2.7, !=3.0.*, !=3.1.*, !=3.2.*, !=3.3.*"
platform = "unix"

[[package]]
name = "pycodestyle"
version = "2.3.1"
description = "Python style guide checker"
category = "dev"
optional = false
python-versions = "*"
platform = "*"

[[package]]
name = "pyflakes"
version = "1.6.0"
description = "passive checker of Python programs"
category = "dev"
optional = false
python-versions = "*"
platform = "*"

[[package]]
name = "pymarc"
version = "3.1.10"
description = "Read, write and modify MARC bibliographic data"
category = "main"
optional = false
python-versions = "*"
platform = "*"

[package.dependencies]
six = ">=1.9.0"
[[package]]
name = "pytest"
version = "3.6.2"
description = "pytest: simple powerful testing with Python"
category = "dev"
optional = false
python-versions = ">=2.7, !=3.0.*, !=3.1.*, !=3.2.*, !=3.3.*"
platform = "unix"

[package.dependencies]
colorama = "*"
pluggy = ">=0.5,<0.7"
atomicwrites = ">=1.0"
more-itertools = ">=4.0.0"
attrs = ">=17.4.0"
setuptools = "*"
six = ">=1.10.0"
py = ">=1.5.0"
[[package]]
name = "setuptools"
version = "39.2.0"
description = "Easily download, build, install, upgrade, and uninstall Python packages"
category = "dev"
optional = false
python-versions = ">=2.7,!=3.0.*,!=3.1.*,!=3.2.*"
platform = "*"

[[package]]
name = "six"
version = "1.11.0"
description = "Python 2 and 3 compatibility utilities"
category = "main"
optional = false
python-versions = "*"
platform = "*"

[[package]]
name = "unidecode"
version = "1.0.22"
description = "ASCII transliterations of Unicode text"
category = "main"
optional = false
python-versions = "*"
platform = "*"

[[package]]
name = "yapf"
version = "0.22.0"
description = "A formatter for Python code."
category = "dev"
optional = false
python-versions = "*"
platform = "*"

[metadata]
python-versions = "^3.5"
platform = "*"
content-hash = "1ae09b1cd5d361c97a91fd412e6a3fb1197f0c8919d667b558f56ee9e8287525"

[metadata.hashes]
atomicwrites = [ "a24da68318b08ac9c9c45029f4a10371ab5b20e4226738e150e6e7c571630ae6", "240831ea22da9ab882b551b31d4225591e5e447a68c5e188db5b89ca1d487585",]
attrs = [ "4b90b09eeeb9b88c35bc642cbac057e45a5fd85367b985bd2809c62b7b939265", "e0d0eb91441a3b53dab4d9b743eafc1ac44476296a2053b6ca3af0b139faf87b",]
chardet = [ "fc323ffcaeaed0e0a02bf4d117757b98aed530d9ed4531e3e15460124c106691", "84ab92ed1c4d4f16916e05906b6b75a6c0fb5db821cc65e70cbd64a3e2a5eaae",]
colorama = [ "463f8483208e921368c9f306094eb6f725c6ca42b0f97e313cb5d5512459feda", "48eb22f4f8461b1df5734a074b57042430fb06e1d61bd1e11b078c0fe6d7a1f1",]
flake8 = [ "c7841163e2b576d435799169b78703ad6ac1bbb0f199994fc05f700b2a90ea37", "7253265f7abd8b313e3892944044a365e3f4ac3fcdcfb4298f55ee9ddf188ba0",]
lxml = [ "65a272821d5d8194358d6b46f3ca727fa56a6b63981606eac737c86d27309cdd", "abbd2fb4a5a04c11b5e04eb146659a0cf67bb237dd3d7ca3b9994d3a9f826e55", "3682a17fbf72d56d7e46db2e80ca23850b79c28cfe75dcd9b82f58808f730909", "75322a531504d4f383264391d89993a42e286da8821ddc5ac315e57305cb84f0", "01c45df6d90497c20aa2a07789a41941f9a1029faa30bf725fc7f6d515b1afe9", "34d49d0f72dd82b9530322c48b70ac78cca0911275da741c3b1d2f3603c5f295", "1b46f37927fa6cd1f3fe34b54f1a23bd5bea1d905657289e08e1297069a1a597", "5b653c9379ce29ce271fbe1010c5396670f018e78b643e21beefbb3dc6d291de", "3cf2830b9a6ad7f6e965fa53a768d4d2372a7856f20ffa6ce43d2fe9c0d34b19", "1b164bba1320b14905dcff77da10d5ce9c411ac4acc4fb4ed9a2a4d10fae38c9", "c557ad647facb3c0027a9d0af58853f905e85a0a2f04dcb73f8e665272fcdc3a", "6b6379495d3baacf7ed755ac68547c8dff6ce5d37bf370f0b7678888dc1283f9", "8523fbde9c2216f3f2b950cb01ebe52e785eaa8a07ffeb456dd3576ca1b4fb9b", "a7182ea298cc3555ea56ffbb0748fe0d5e0d81451e2bc16d7f4645cd01b1ca70", "7f457cbda964257f443bac861d3a36732dcba8183149e7818ee2fb7c86901b94", "0c9fef4f8d444e337df96c54544aeb85b7215b2ed7483bb6c35de97ac99f1bcd", "7ff1fc76d8804e0f870c343a72007ff587090c218b0f92d8ee784ac2b6eaf5b9", "accc9f6b77bed0a6f267b4fae120f6008a951193d548cdbe9b61fc98a08b1cf8", "bd88c8ce0d1504fdfd96a35911dd4f3edfb2e560d7cfdb5a3d09aa571ae5fbae", "defabb7fbb99f9f7b3e0b24b286a46855caef4776495211b066e9e6592d12b04", "231047b05907315ae9a9b6925751f9fd2c479cf7b100fff62485a25e382ca0d4", "0e7996e9b46b4d8b4ac1c329a00e2d10edcd8380b95d2a676fccabf4c1dd0512", "691f2cd97cf026c611df1ea5055755eec7f878f2d4f4330dc8686583de6fc5fd", "1858b1933d483ec5727549d3fe166eeb54229fbd6a9d3d7ea26d2c8a28048058", "0e3cd94c95d30ba9ca3cff40e9b2a14e1a10a4fd8131105b86c6b61648f57e4b", "28f0c6652c1b130f1e576b60532f84b19379485eb8da6185c29bd8c9c9bc97bf", "8f37627f16e026523fca326f1b5c9a43534862fede6c3e99c2ba6a776d75c1ab", "e2629cdbcad82b83922a3488937632a4983ecc0fed3e5cfbf430d069382eeb9b",]
mccabe = [ "ab8a6258860da4b6677da4bd2fe5dc2c659cff31b3ee4f7f5d64e79735b80d42", "dd8d182285a0fe56bace7f45b5e7d1a6ebcbf524e8f3bd87eb0f125271b8831f",]
more-itertools = [ "a18d870ef2ffca2b8463c0070ad17b5978056f403fb64e3f15fe62a52db21cc0", "6703844a52d3588f951883005efcf555e49566a48afd4db4e965d69b883980d3", "2b6b9893337bfd9166bee6a62c2b0c9fe7735dcf85948b387ec8cba30e85d8e8",]
pluggy = [ "d345c8fe681115900d6da8d048ba67c25df42973bda370783cd58826442dcd7c", "e160a7fcf25762bb60efc7e171d4497ff1d8d2d75a3d0df7a21b76821ecbf5c5", "7f8ae7f5bdf75671a718d2daf0a64b7885f74510bcd98b1a0bb420eb9a9d0cff",]
py = [ "983f77f3331356039fdd792e9220b7b8ee1aa6bd2b25f567a963ff1de5a64f6a", "29c9fab495d7528e80ba1e343b958684f4ace687327e6f789a94bf3d1915f881",]
pycodestyle = [ "6c4245ade1edfad79c3446fadfc96b0de2759662dc29d07d80a6f27ad1ca6ba9", "682256a5b318149ca0d2a9185d365d8864a768a28db66a84a2ea946bcc426766",]
pyflakes = [ "08bd6a50edf8cffa9fa09a463063c425ecaaf10d1eb0335a7e8b1401aef89e6f", "8d616a382f243dbf19b54743f280b80198be0bca3a5396f1d2e1fca6223e8805",]
pymarc = [ "8e1d0271477daab89a373251180f4f1927d5147f35ce52a8a46f95a9d90c6979",]
pytest = [ "90898786b3d0b880b47645bae7b51aa9bbf1e9d1e4510c2cfd15dd65c70ea0cd", "8ea01fc4fcc8e1b1e305252b4bc80a1528019ab99fd3b88666c9dc38d754406c",]
setuptools = [ "8fca9275c89964f13da985c3656cb00ba029d7f3916b37990927ffdf264e7926", "f7cddbb5f5c640311eb00eab6e849f7701fa70bf6a183fc8a2c33dd1d1672fb2",]
six = [ "832dc0e10feb1aa2c68dcc57dbb658f1c7e65b9b61af69048abc87a2db00a0eb", "70e8a77beed4562e7f14fe23a786b54f6296e34344c23bc42f07b15018ff98e9",]
unidecode = [ "72f49d3729f3d8f5799f710b97c1451c5163102e76d64d20e170aedbbd923582", "8c33dd588e0c9bc22a76eaa0c715a5434851f726131bd44a6c26471746efabf5",]
yapf = [ "6567745f0b6656f9c33a73c56a393071c699e6284a70d793798ab6e3769d25ec", "a98a6eacca64d2b920558f4a2f78150db9474de821227e60deaa29f186121c63",]
